
Microsoft Visual Studio Solution File, Format Version 12.00
# Visual Studio Version 17
VisualStudioVersion = 17.8.34322.80
MinimumVisualStudioVersion = 10.0.40219.1
Project("{FAE04EC0-301F-11D3-BF4B-00C04F79EFBC}") = "TIAAutoSave", "TIAAutoSave\TIAAutoSave.csproj", "{20A407D5-7888-409F-8678-8D01DFB3D518}"
EndProject
Project("{FAE04EC0-301F-11D3-BF4B-00C04F79EFBC}") = "TIAAutoSaveStarter", "TIAAutoSaveStarter\TIAAutoSaveStarter.csproj", "{B79942EB-9557-4E0B-9535-D17640CA9F7D}"
EndProject
Global
	GlobalSection(SolutionConfigurationPlatforms) = preSolution
		Debug|Any CPU = Debug|Any CPU
		Release|Any CPU = Release|Any CPU
	EndGlobalSection
	GlobalSection(ProjectConfigurationPlatforms) = postSolution
		{20A407D5-7888-409F-8678-8D01DFB3D518}.Debug|Any CPU.ActiveCfg = Debug|Any CPU
		{20A407D5-7888-409F-8678-8D01DFB3D518}.Debug|Any CPU.Build.0 = Debug|Any CPU
		{20A407D5-7888-409F-8678-8D01DFB3D518}.Release|Any CPU.ActiveCfg = Release|Any CPU
		{20A407D5-7888-409F-8678-8D01DFB3D518}.Release|Any CPU.Build.0 = Release|Any CPU
		{B79942EB-9557-4E0B-9535-D17640CA9F7D}.Debug|Any CPU.ActiveCfg = Debug|Any CPU
		{B79942EB-9557-4E0B-9535-D17640CA9F7D}.Debug|Any CPU.Build.0 = Debug|Any CPU
		{B79942EB-9557-4E0B-9535-D17640CA9F7D}.Release|Any CPU.ActiveCfg = Release|Any CPU
		{B79942EB-9557-4E0B-9535-D17640CA9F7D}.Release|Any CPU.Build.0 = Release|Any CPU
	EndGlobalSection
	GlobalSection(SolutionProperties) = preSolution
		HideSolutionNode = FALSE
	EndGlobalSection
	GlobalSection(ExtensibilityGlobals) = postSolution
		SolutionGuid = {1C958276-4902-43C4-9178-BA311DF6E917}
	EndGlobalSection
EndGlobal
